// !$*UTF8*$!
{
	archiveVersion = 1;
	classes = {
	};
	objectVersion = 55;
	objects = {

/* Begin PBXBuildFile section */
		53D7BDD727A618A3004F941D /* AppDelegate.swift in Sources */ = {isa = PBXBuildFile; fileRef = 53D7BDD627A618A3004F941D /* AppDelegate.swift */; };
		53D7BDD927A618A3004F941D /* SceneDelegate.swift in Sources */ = {isa = PBXBuildFile; fileRef = 53D7BDD827A618A3004F941D /* SceneDelegate.swift */; };
		53D7BDDB27A618A3004F941D /* ViewController.swift in Sources */ = {isa = PBXBuildFile; fileRef = 53D7BDDA27A618A3004F941D /* ViewController.swift */; };
		53D7BDDE27A618A3004F941D /* Main.storyboard in Resources */ = {isa = PBXBuildFile; fileRef = 53D7BDDC27A618A3004F941D /* Main.storyboard */; };
		53D7BDE027A618A5004F941D /* Assets.xcassets in Resources */ = {isa = PBXBuildFile; fileRef = 53D7BDDF27A618A5004F941D /* Assets.xcassets */; };
		53D7BDE327A618A5004F941D /* LaunchScreen.storyboard in Resources */ = {isa = PBXBuildFile; fileRef = 53D7BDE127A618A5004F941D /* LaunchScreen.storyboard */; };
		53D7BDEE27A618A5004F941D /* swiftTests.swift in Sources */ = {isa = PBXBuildFile; fileRef = 53D7BDED27A618A5004F941D /* swiftTests.swift */; };
		53D7BDF827A618A5004F941D /* swiftUITests.swift in Sources */ = {isa = PBXBuildFile; fileRef = 53D7BDF727A618A5004F941D /* swiftUITests.swift */; };
		53D7BDFA27A618A5004F941D /* swiftUITestsLaunchTests.swift in Sources */ = {isa = PBXBuildFile; fileRef = 53D7BDF927A618A5004F941D /* swiftUITestsLaunchTests.swift */; };
		53D7BE0727A61A55004F941D /* CanvasView.swift in Sources */ = {isa = PBXBuildFile; fileRef = 53D7BE0627A61A55004F941D /* CanvasView.swift */; };
/* End PBXBuildFile section */

/* Begin PBXContainerItemProxy section */
		53D7BDEA27A618A5004F941D /* PBXContainerItemProxy */ = {
			isa = PBXContainerItemProxy;
			containerPortal = 53D7BDCB27A618A3004F941D /* Project object */;
			proxyType = 1;
			remoteGlobalIDString = 53D7BDD227A618A3004F941D;
			remoteInfo = swift;
		};
		53D7BDF427A618A5004F941D /* PBXContainerItemProxy */ = {
			isa = PBXContainerItemProxy;
			containerPortal = 53D7BDCB27A618A3004F941D /* Project object */;
			proxyType = 1;
			remoteGlobalIDString = 53D7BDD227A618A3004F941D;
			remoteInfo = swift;
		};
/* End PBXContainerItemProxy section */

/* Begin PBXFileReference section */
		53D7BDD327A618A3004F941D /* swift.app */ = {isa = PBXFileReference; explicitFileType = wrapper.application; includeInIndex = 0; path = swift.app; sourceTree = BUILT_PRODUCTS_DIR; };
		53D7BDD627A618A3004F941D /* AppDelegate.swift */ = {isa = PBXFileReference; lastKnownFileType = sourcecode.swift; path = AppDelegate.swift; sourceTree = "<group>"; };
		53D7BDD827A618A3004F941D /* SceneDelegate.swift */ = {isa = PBXFileReference; lastKnownFileType = sourcecode.swift; path = SceneDelegate.swift; sourceTree = "<group>"; };
		53D7BDDA27A618A3004F941D /* ViewController.swift */ = {isa = PBXFileReference; lastKnownFileType = sourcecode.swift; path = ViewController.swift; sourceTree = "<group>"; };
		53D7BDDD27A618A3004F941D /* Base */ = {isa = PBXFileReference; lastKnownFileType = file.storyboard; name = Base; path = Base.lproj/Main.storyboard; sourceTree = "<group>"; };
		53D7BDDF27A618A5004F941D /* Assets.xcassets */ = {isa = PBXFileReference; lastKnownFileType = folder.assetcatalog; path = Assets.xcassets; sourceTree = "<group>"; };
		53D7BDE227A618A5004F941D /* Base */ = {isa = PBXFileReference; lastKnownFileType = file.storyboard; name = Base; path = Base.lproj/LaunchScreen.storyboard; sourceTree = "<group>"; };
		53D7BDE427A618A5004F941D /* Info.plist */ = {isa = PBXFileReference; lastKnownFileType = text.plist.xml; path = Info.plist; sourceTree = "<group>"; };
		53D7BDE927A618A5004F941D /* swiftTests.xctest */ = {isa = PBXFileReference; explicitFileType = wrapper.cfbundle; includeInIndex = 0; path = swiftTests.xctest; sourceTree = BUILT_PRODUCTS_DIR; };
		53D7BDED27A618A5004F941D /* swiftTests.swift */ = {isa = PBXFileReference; lastKnownFileType = sourcecode.swift; path = swiftTests.swift; sourceTree = "<group>"; };
		53D7BDF327A618A5004F941D /* swiftUITests.xctest */ = {isa = PBXFileReference; explicitFileType = wrapper.cfbundle; includeInIndex = 0; path = swiftUITests.xctest; sourceTree = BUILT_PRODUCTS_DIR; };
		53D7BDF727A618A5004F941D /* swiftUITests.swift */ = {isa = PBXFileReference; lastKnownFileType = sourcecode.swift; path = swiftUITests.swift; sourceTree = "<group>"; };
		53D7BDF927A618A5004F941D /* swiftUITestsLaunchTests.swift */ = {isa = PBXFileReference; lastKnownFileType = sourcecode.swift; path = swiftUITestsLaunchTests.swift; sourceTree = "<group>"; };
		53D7BE0627A61A55004F941D /* CanvasView.swift */ = {isa = PBXFileReference; lastKnownFileType = sourcecode.swift; path = CanvasView.swift; sourceTree = "<group>"; };
/* End PBXFileReference section */

/* Begin PBXFrameworksBuildPhase section */
		53D7BDD027A618A3004F941D /* Frameworks */ = {
			isa = PBXFrameworksBuildPhase;
			buildActionMask = 2147483647;
			files = (
			);
			runOnlyForDeploymentPostprocessing = 0;
		};
		53D7BDE627A618A5004F941D /* Frameworks */ = {
			isa = PBXFrameworksBuildPhase;
			buildActionMask = 2147483647;
			files = (
			);
			runOnlyForDeploymentPostprocessing = 0;
		};
		53D7BDF027A618A5004F941D /* Frameworks */ = {
			isa = PBXFrameworksBuildPhase;
			buildActionMask = 2147483647;
			files = (
			);
			runOnlyForDeploymentPostprocessing = 0;
		};
/* End PBXFrameworksBuildPhase section */

/* Begin PBXGroup section */
		53D7BDCA27A618A3004F941D = {
			isa = PBXGroup;
			children = (
				53D7BDD527A618A3004F941D /* swift */,
				53D7BDEC27A618A5004F941D /* swiftTests */,
				53D7BDF627A618A5004F941D /* swiftUITests */,
				53D7BDD427A618A3004F941D /* Products */,
			);
			sourceTree = "<group>";
		};
		53D7BDD427A618A3004F941D /* Products */ = {
			isa = PBXGroup;
			children = (
				53D7BDD327A618A3004F941D /* swift.app */,
				53D7BDE927A618A5004F941D /* swiftTests.xctest */,
				53D7BDF327A618A5004F941D /* swiftUITests.xctest */,
			);
			name = Products;
			sourceTree = "<group>";
		};
		53D7BDD527A618A3004F941D /* swift */ = {
			isa = PBXGroup;
			children = (
				53D7BDD627A618A3004F941D /* AppDelegate.swift */,
				53D7BDD827A618A3004F941D /* SceneDelegate.swift */,
				53D7BDDA27A618A3004F941D /* ViewController.swift */,
				53D7BE0627A61A55004F941D /* CanvasView.swift */,
				53D7BDDC27A618A3004F941D /* Main.storyboard */,
				53D7BDDF27A618A5004F941D /* Assets.xcassets */,
				53D7BDE127A618A5004F941D /* LaunchScreen.storyboard */,
				53D7BDE427A618A5004F941D /* Info.plist */,
			);
			path = swift;
			sourceTree = "<group>";
		};
		53D7BDEC27A618A5004F941D /* swiftTests */ = {
			isa = PBXGroup;
			children = (
				53D7BDED27A618A5004F941D /* swiftTests.swift */,
			);
			path = swiftTests;
			sourceTree = "<group>";
		};
		53D7BDF627A618A5004F941D /* swiftUITests */ = {
			isa = PBXGroup;
			children = (
				53D7BDF727A618A5004F941D /* swiftUITests.swift */,
				53D7BDF927A618A5004F941D /* swiftUITestsLaunchTests.swift */,
			);
			path = swiftUITests;
			sourceTree = "<group>";
		};
/* End PBXGroup section */

/* Begin PBXNativeTarget section */
		53D7BDD227A618A3004F941D /* swift */ = {
			isa = PBXNativeTarget;
			buildConfigurationList = 53D7BDFD27A618A5004F941D /* Build configuration list for PBXNativeTarget "swift" */;
			buildPhases = (
				53D7BDCF27A618A3004F941D /* Sources */,
				53D7BDD027A618A3004F941D /* Frameworks */,
				53D7BDD127A618A3004F941D /* Resources */,
			);
			buildRules = (
			);
			dependencies = (
			);
			name = swift;
			productName = swift;
			productReference = 53D7BDD327A618A3004F941D /* swift.app */;
			productType = "com.apple.product-type.application";
		};
		53D7BDE827A618A5004F941D /* swiftTests */ = {
			isa = PBXNativeTarget;
			buildConfigurationList = 53D7BE0027A618A5004F941D /* Build configuration list for PBXNativeTarget "swiftTests" */;
			buildPhases = (
				53D7BDE527A618A5004F941D /* Sources */,
				53D7BDE627A618A5004F941D /* Frameworks */,
				53D7BDE727A618A5004F941D /* Resources */,
			);
			buildRules = (
			);
			dependencies = (
				53D7BDEB27A618A5004F941D /* PBXTargetDependency */,
			);
			name = swiftTests;
			productName = swiftTests;
			productReference = 53D7BDE927A618A5004F941D /* swiftTests.xctest */;
			productType = "com.apple.product-type.bundle.unit-test";
		};
		53D7BDF227A618A5004F941D /* swiftUITests */ = {
			isa = PBXNativeTarget;
			buildConfigurationList = 53D7BE0327A618A5004F941D /* Build configuration list for PBXNativeTarget "swiftUITests" */;
			buildPhases = (
				53D7BDEF27A618A5004F941D /* Sources */,
				53D7BDF027A618A5004F941D /* Frameworks */,
				53D7BDF127A618A5004F941D /* Resources */,
			);
			buildRules = (
			);
			dependencies = (
				53D7BDF527A618A5004F941D /* PBXTargetDependency */,
			);
			name = swiftUITests;
			productName = swiftUITests;
			productReference = 53D7BDF327A618A5004F941D /* swiftUITests.xctest */;
			productType = "com.apple.product-type.bundle.ui-testing";
		};
/* End PBXNativeTarget section */

/* Begin PBXProject section */
		53D7BDCB27A618A3004F941D /* Project object */ = {
			isa = PBXProject;
			attributes = {
				BuildIndependentTargetsInParallel = 1;
				LastSwiftUpdateCheck = 1320;
				LastUpgradeCheck = 1320;
				TargetAttributes = {
					53D7BDD227A618A3004F941D = {
						CreatedOnToolsVersion = 13.2.1;
					};
					53D7BDE827A618A5004F941D = {
						CreatedOnToolsVersion = 13.2.1;
						TestTargetID = 53D7BDD227A618A3004F941D;
					};
					53D7BDF227A618A5004F941D = {
						CreatedOnToolsVersion = 13.2.1;
						TestTargetID = 53D7BDD227A618A3004F941D;
					};
				};
			};
			buildConfigurationList = 53D7BDCE27A618A3004F941D /* Build configuration list for PBXProject "swift" */;
			compatibilityVersion = "Xcode 13.0";
			developmentRegion = en;
			hasScannedForEncodings = 0;
			knownRegions = (
				en,
				Base,
			);
			mainGroup = 53D7BDCA27A618A3004F941D;
			productRefGroup = 53D7BDD427A618A3004F941D /* Products */;
			projectDirPath = "";
			projectRoot = "";
			targets = (
				53D7BDD227A618A3004F941D /* swift */,
				53D7BDE827A618A5004F941D /* swiftTests */,
				53D7BDF227A618A5004F941D /* swiftUITests */,
			);
		};
/* End PBXProject section */

/* Begin PBXResourcesBuildPhase section */
		53D7BDD127A618A3004F941D /* Resources */ = {
			isa = PBXResourcesBuildPhase;
			buildActionMask = 2147483647;
			files = (
				53D7BDE327A618A5004F941D /* LaunchScreen.storyboard in Resources */,
				53D7BDE027A618A5004F941D /* Assets.xcassets in Resources */,
				53D7BDDE27A618A3004F941D /* Main.storyboard in Resources */,
			);
			runOnlyForDeploymentPostprocessing = 0;
		};
		53D7BDE727A618A5004F941D /* Resources */ = {
			isa = PBXResourcesBuildPhase;
			buildActionMask = 2147483647;
			files = (
			);
			runOnlyForDeploymentPostprocessing = 0;
		};
		53D7BDF127A618A5004F941D /* Resources */ = {
			isa = PBXResourcesBuildPhase;
			buildActionMask = 2147483647;
			files = (
			);
			runOnlyForDeploymentPostprocessing = 0;
		};
/* End PBXResourcesBuildPhase section */

/* Begin PBXSourcesBuildPhase section */
		53D7BDCF27A618A3004F941D /* Sources */ = {
			isa = PBXSourcesBuildPhase;
			buildActionMask = 2147483647;
			files = (
				53D7BDDB27A618A3004F941D /* ViewController.swift in Sources */,
				53D7BDD727A618A3004F941D /* AppDelegate.swift in Sources */,
				53D7BE0727A61A55004F941D /* CanvasView.swift in Sources */,
				53D7BDD927A618A3004F941D /* SceneDelegate.swift in Sources */,
			);
			runOnlyForDeploymentPostprocessing = 0;
		};
		53D7BDE527A618A5004F941D /* Sources */ = {
			isa = PBXSourcesBuildPhase;
			buildActionMask = 2147483647;
			files = (
				53D7BDEE27A618A5004F941D /* swiftTests.swift in Sources */,
			);
			runOnlyForDeploymentPostprocessing = 0;
		};
		53D7BDEF27A618A5004F941D /* Sources */ = {
			isa = PBXSourcesBuildPhase;
			buildActionMask = 2147483647;
			files = (
				53D7BDFA27A618A5004F941D /* swiftUITestsLaunchTests.swift in Sources */,
				53D7BDF827A618A5004F941D /* swiftUITests.swift in Sources */,
			);
			runOnlyForDeploymentPostprocessing = 0;
		};
/* End PBXSourcesBuildPhase section */

/* Begin PBXTargetDependency section */
		53D7BDEB27A618A5004F941D /* PBXTargetDependency */ = {
			isa = PBXTargetDependency;
			target = 53D7BDD227A618A3004F941D /* swift */;
			targetProxy = 53D7BDEA27A618A5004F941D /* PBXContainerItemProxy */;
		};
		53D7BDF527A618A5004F941D /* PBXTargetDependency */ = {
			isa = PBXTargetDependency;
			target = 53D7BDD227A618A3004F941D /* swift */;
			targetProxy = 53D7BDF427A618A5004F941D /* PBXContainerItemProxy */;
		};
/* End PBXTargetDependency section */

/* Begin PBXVariantGroup section */
		53D7BDDC27A618A3004F941D /* Main.storyboard */ = {
			isa = PBXVariantGroup;
			children = (
				53D7BDDD27A618A3004F941D /* Base */,
			);
			name = Main.storyboard;
			sourceTree = "<group>";
		};
		53D7BDE127A618A5004F941D /* LaunchScreen.storyboard */ = {
			isa = PBXVariantGroup;
			children = (
				53D7BDE227A618A5004F941D /* Base */,
			);
			name = LaunchScreen.storyboard;
			sourceTree = "<group>";
		};
/* End PBXVariantGroup section */

/* Begin XCBuildConfiguration section */
		53D7BDFB27A618A5004F941D /* Debug */ = {
			isa = XCBuildConfiguration;
			buildSettings = {
				ALWAYS_SEARCH_USER_PATHS = NO;
				CLANG_ANALYZER_NONNULL = YES;
				CLANG_ANALYZER_NUMBER_OBJECT_CONVERSION = YES_AGGRESSIVE;
				CLANG_CXX_LANGUAGE_STANDARD = "gnu++17";
				CLANG_CXX_LIBRARY = "libc++";
				CLANG_ENABLE_MODULES = YES;
				CLANG_ENABLE_OBJC_ARC = YES;
				CLANG_ENABLE_OBJC_WEAK = YES;
				CLANG_WARN_BLOCK_CAPTURE_AUTORELEASING = YES;
				CLANG_WARN_BOOL_CONVERSION = YES;
				CLANG_WARN_COMMA = YES;
				CLANG_WARN_CONSTANT_CONVERSION = YES;
				CLANG_WARN_DEPRECATED_OBJC_IMPLEMENTATIONS = YES;
				CLANG_WARN_DIRECT_OBJC_ISA_USAGE = YES_ERROR;
				CLANG_WARN_DOCUMENTATION_COMMENTS = YES;
				CLANG_WARN_EMPTY_BODY = YES;
				CLANG_WARN_ENUM_CONVERSION = YES;
				CLANG_WARN_INFINITE_RECURSION = YES;
				CLANG_WARN_INT_CONVERSION = YES;
				CLANG_WARN_NON_LITERAL_NULL_CONVERSION = YES;
				CLANG_WARN_OBJC_IMPLICIT_RETAIN_SELF = YES;
				CLANG_WARN_OBJC_LITERAL_CONVERSION = YES;
				CLANG_WARN_OBJC_ROOT_CLASS = YES_ERROR;
				CLANG_WARN_QUOTED_INCLUDE_IN_FRAMEWORK_HEADER = YES;
				CLANG_WARN_RANGE_LOOP_ANALYSIS = YES;
				CLANG_WARN_STRICT_PROTOTYPES = YES;
				CLANG_WARN_SUSPICIOUS_MOVE = YES;
				CLANG_WARN_UNGUARDED_AVAILABILITY = YES_AGGRESSIVE;
				CLANG_WARN_UNREACHABLE_CODE = YES;
				CLANG_WARN__DUPLICATE_METHOD_MATCH = YES;
				COPY_PHASE_STRIP = NO;
				DEBUG_INFORMATION_FORMAT = dwarf;
				ENABLE_STRICT_OBJC_MSGSEND = YES;
				ENABLE_TESTABILITY = YES;
				GCC_C_LANGUAGE_STANDARD = gnu11;
				GCC_DYNAMIC_NO_PIC = NO;
				GCC_NO_COMMON_BLOCKS = YES;
				GCC_OPTIMIZATION_LEVEL = 0;
				GCC_PREPROCESSOR_DEFINITIONS = (
					"DEBUG=1",
					"$(inherited)",
				);
				GCC_WARN_64_TO_32_BIT_CONVERSION = YES;
				GCC_WARN_ABOUT_RETURN_TYPE = YES_ERROR;
				GCC_WARN_UNDECLARED_SELECTOR = YES;
				GCC_WARN_UNINITIALIZED_AUTOS = YES_AGGRESSIVE;
				GCC_WARN_UNUSED_FUNCTION = YES;
				GCC_WARN_UNUSED_VARIABLE = YES;
				IPHONEOS_DEPLOYMENT_TARGET = 15.2;
				MTL_ENABLE_DEBUG_INFO = INCLUDE_SOURCE;
				MTL_FAST_MATH = YES;
				ONLY_ACTIVE_ARCH = YES;
				SDKROOT = iphoneos;
				SWIFT_ACTIVE_COMPILATION_CONDITIONS = DEBUG;
				SWIFT_OPTIMIZATION_LEVEL = "-Onone";
			};
			name = Debug;
		};
		53D7BDFC27A618A5004F941D /* Release */ = {
			isa = XCBuildConfiguration;
			buildSettings = {
				ALWAYS_SEARCH_USER_PATHS = NO;
				CLANG_ANALYZER_NONNULL = YES;
				CLANG_ANALYZER_NUMBER_OBJECT_CONVERSION = YES_AGGRESSIVE;
				CLANG_CXX_LANGUAGE_STANDARD = "gnu++17";
				CLANG_CXX_LIBRARY = "libc++";
				CLANG_ENABLE_MODULES = YES;
				CLANG_ENABLE_OBJC_ARC = YES;
				CLANG_ENABLE_OBJC_WEAK = YES;
				CLANG_WARN_BLOCK_CAPTURE_AUTORELEASING = YES;
				CLANG_WARN_BOOL_CONVERSION = YES;
				CLANG_WARN_COMMA = YES;
				CLANG_WARN_CONSTANT_CONVERSION = YES;
				CLANG_WARN_DEPRECATED_OBJC_IMPLEMENTATIONS = YES;
				CLANG_WARN_DIRECT_OBJC_ISA_USAGE = YES_ERROR;
				CLANG_WARN_DOCUMENTATION_COMMENTS = YES;
				CLANG_WARN_EMPTY_BODY = YES;
				CLANG_WARN_ENUM_CONVERSION = YES;
				CLANG_WARN_INFINITE_RECURSION = YES;
				CLANG_WARN_INT_CONVERSION = YES;
				CLANG_WARN_NON_LITERAL_NULL_CONVERSION = YES;
				CLANG_WARN_OBJC_IMPLICIT_RETAIN_SELF = YES;
				CLANG_WARN_OBJC_LITERAL_CONVERSION = YES;
				CLANG_WARN_OBJC_ROOT_CLASS = YES_ERROR;
				CLANG_WARN_QUOTED_INCLUDE_IN_FRAMEWORK_HEADER = YES;
				CLANG_WARN_RANGE_LOOP_ANALYSIS = YES;
				CLANG_WARN_STRICT_PROTOTYPES = YES;
				CLANG_WARN_SUSPICIOUS_MOVE = YES;
				CLANG_WARN_UNGUARDED_AVAILABILITY = YES_AGGRESSIVE;
				CLANG_WARN_UNREACHABLE_CODE = YES;
				CLANG_WARN__DUPLICATE_METHOD_MATCH = YES;
				COPY_PHASE_STRIP = NO;
				DEBUG_INFORMATION_FORMAT = "dwarf-with-dsym";
				ENABLE_NS_ASSERTIONS = NO;
				ENABLE_STRICT_OBJC_MSGSEND = YES;
				GCC_C_LANGUAGE_STANDARD = gnu11;
				GCC_NO_COMMON_BLOCKS = YES;
				GCC_WARN_64_TO_32_BIT_CONVERSION = YES;
				GCC_WARN_ABOUT_RETURN_TYPE = YES_ERROR;
				GCC_WARN_UNDECLARED_SELECTOR = YES;
				GCC_WARN_UNINITIALIZED_AUTOS = YES_AGGRESSIVE;
				GCC_WARN_UNUSED_FUNCTION = YES;
				GCC_WARN_UNUSED_VARIABLE = YES;
				IPHONEOS_DEPLOYMENT_TARGET = 15.2;
				MTL_ENABLE_DEBUG_INFO = NO;
				MTL_FAST_MATH = YES;
				SDKROOT = iphoneos;
				SWIFT_COMPILATION_MODE = wholemodule;
				SWIFT_OPTIMIZATION_LEVEL = "-O";
				VALIDATE_PRODUCT = YES;
			};
			name = Release;
		};
		53D7BDFE27A618A5004F941D /* Debug */ = {
			isa = XCBuildConfiguration;
			buildSettings = {
				ASSETCATALOG_COMPILER_APPICON_NAME = AppIcon;
				ASSETCATALOG_COMPILER_GLOBAL_ACCENT_COLOR_NAME = AccentColor;
				CODE_SIGN_STYLE = Automatic;
				CURRENT_PROJECT_VERSION = 1;
				DEVELOPMENT_TEAM = V43UX8WJSQ;
				GENERATE_INFOPLIST_FILE = YES;
				INFOPLIST_FILE = swift/Info.plist;
				INFOPLIST_KEY_UIApplicationSupportsIndirectInputEvents = YES;
				INFOPLIST_KEY_UILaunchStoryboardName = LaunchScreen;
				INFOPLIST_KEY_UIMainStoryboardFile = Main;
				INFOPLIST_KEY_UISupportedInterfaceOrientations_iPad = "UIInterfaceOrientationPortrait UIInterfaceOrientationPortraitUpsideDown UIInterfaceOrientationLandscapeLeft UIInterfaceOrientationLandscapeRight";
				INFOPLIST_KEY_UISupportedInterfaceOrientations_iPhone = "UIInterfaceOrientationPortrait UIInterfaceOrientationLandscapeLeft UIInterfaceOrientationLandscapeRight";
				LD_RUNPATH_SEARCH_PATHS = (
					"$(inherited)",
					"@executable_path/Frameworks",
				);
				MARKETING_VERSION = 1.0;
				PRODUCT_BUNDLE_IDENTIFIER = "cn.Charles-Keith.swift";
				PRODUCT_NAME = "$(TARGET_NAME)";
				SWIFT_EMIT_LOC_STRINGS = YES;
				SWIFT_VERSION = 5.0;
				TARGETED_DEVICE_FAMILY = "1,2";
			};
			name = Debug;
		};
		53D7BDFF27A618A5004F941D /* Release */ = {
			isa = XCBuildConfiguration;
			buildSettings = {
				ASSETCATALOG_COMPILER_APPICON_NAME = AppIcon;
				ASSETCATALOG_COMPILER_GLOBAL_ACCENT_COLOR_NAME = AccentColor;
				CODE_SIGN_STYLE = Automatic;
				CURRENT_PROJECT_VERSION = 1;
				DEVELOPMENT_TEAM = V43UX8WJSQ;
				GENERATE_INFOPLIST_FILE = YES;
				INFOPLIST_FILE = swift/Info.plist;
				INFOPLIST_KEY_UIApplicationSupportsIndirectInputEvents = YES;
				INFOPLIST_KEY_UILaunchStoryboardName = LaunchScreen;
				INFOPLIST_KEY_UIMainStoryboardFile = Main;
				INFOPLIST_KEY_UISupportedInterfaceOrientations_iPad = "UIInterfaceOrientationPortrait UIInterfaceOrientationPortraitUpsideDown UIInterfaceOrientationLandscapeLeft UIInterfaceOrientationLandscapeRight";
				INFOPLIST_KEY_UISupportedInterfaceOrientations_iPhone = "UIInterfaceOrientationPortrait UIInterfaceOrientationLandscapeLeft UIInterfaceOrientationLandscapeRight";
				LD_RUNPATH_SEARCH_PATHS = (
					"$(inherited)",
					"@executable_path/Frameworks",
				);
				MARKETING_VERSION = 1.0;
				PRODUCT_BUNDLE_IDENTIFIER = "cn.Charles-Keith.swift";
				PRODUCT_NAME = "$(TARGET_NAME)";
				SWIFT_EMIT_LOC_STRINGS = YES;
				SWIFT_VERSION = 5.0;
				TARGETED_DEVICE_FAMILY = "1,2";
			};
			name = Release;
		};
		53D7BE0127A618A5004F941D /* Debug */ = {
			isa = XCBuildConfiguration;
			buildSettings = {
				ALWAYS_EMBED_SWIFT_STANDARD_LIBRARIES = YES;
				BUNDLE_LOADER = "$(TEST_HOST)";
				CODE_SIGN_STYLE = Automatic;
				CURRENT_PROJECT_VERSION = 1;
				DEVELOPMENT_TEAM = V43UX8WJSQ;
				GENERATE_INFOPLIST_FILE = YES;
				IPHONEOS_DEPLOYMENT_TARGET = 15.2;
				MARKETING_VERSION = 1.0;
				PRODUCT_BUNDLE_IDENTIFIER = "cn.Charles-Keith.swiftTests";
				PRODUCT_NAME = "$(TARGET_NAME)";
				SWIFT_EMIT_LOC_STRINGS = NO;
				SWIFT_VERSION = 5.0;
				TARGETED_DEVICE_FAMILY = "1,2";
				TEST_HOST = "$(BUILT_PRODUCTS_DIR)/swift.app/swift";
			};
			name = Debug;
		};
		53D7BE0227A618A5004F941D /* Release */ = {
			isa = XCBuildConfiguration;
			buildSettings = {
				ALWAYS_EMBED_SWIFT_STANDARD_LIBRARIES = YES;
				BUNDLE_LOADER = "$(TEST_HOST)";
				CODE_SIGN_STYLE = Automatic;
				CURRENT_PROJECT_VERSION = 1;
				DEVELOPMENT_TEAM = V43UX8WJSQ;
				GENERATE_INFOPLIST_FILE = YES;
				IPHONEOS_DEPLOYMENT_TARGET = 15.2;
				MARKETING_VERSION = 1.0;
				PRODUCT_BUNDLE_IDENTIFIER = "cn.Charles-Keith.swiftTests";
				PRODUCT_NAME = "$(TARGET_NAME)";
				SWIFT_EMIT_LOC_STRINGS = NO;
				SWIFT_VERSION = 5.0;
				TARGETED_DEVICE_FAMILY = "1,2";
				TEST_HOST = "$(BUILT_PRODUCTS_DIR)/swift.app/swift";
			};
			name = Release;
		};
		53D7BE0427A618A5004F941D /* Debug */ = {
			isa = XCBuildConfiguration;
			buildSettings = {
				ALWAYS_EMBED_SWIFT_STANDARD_LIBRARIES = YES;
				CODE_SIGN_STYLE = Automatic;
				CURRENT_PROJECT_VERSION = 1;
				DEVELOPMENT_TEAM = V43UX8WJSQ;
				GENERATE_INFOPLIST_FILE = YES;
				MARKETING_VERSION = 1.0;
				PRODUCT_BUNDLE_IDENTIFIER = "cn.Charles-Keith.swiftUITests";
				PRODUCT_NAME = "$(TARGET_NAME)";
				SWIFT_EMIT_LOC_STRINGS = NO;
				SWIFT_VERSION = 5.0;
				TARGETED_DEVICE_FAMILY = "1,2";
				TEST_TARGET_NAME = swift;
			};
			name = Debug;
		};
		53D7BE0527A618A5004F941D /* Release */ = {
			isa = XCBuildConfiguration;
			buildSettings = {
				ALWAYS_EMBED_SWIFT_STANDARD_LIBRARIES = YES;
				CODE_SIGN_STYLE = Automatic;
				CURRENT_PROJECT_VERSION = 1;
				DEVELOPMENT_TEAM = V43UX8WJSQ;
				GENERATE_INFOPLIST_FILE = YES;
				MARKETING_VERSION = 1.0;
				PRODUCT_BUNDLE_IDENTIFIER = "cn.Charles-Keith.swiftUITests";
				PRODUCT_NAME = "$(TARGET_NAME)";
				SWIFT_EMIT_LOC_STRINGS = NO;
				SWIFT_VERSION = 5.0;
				TARGETED_DEVICE_FAMILY = "1,2";
				TEST_TARGET_NAME = swift;
			};
			name = Release;
		};
/* End XCBuildConfiguration section */

/* Begin XCConfigurationList section */
		53D7BDCE27A618A3004F941D /* Build configuration list for PBXProject "swift" */ = {
			isa = XCConfigurationList;
			buildConfigurations = (
				53D7BDFB27A618A5004F941D /* Debug */,
				53D7BDFC27A618A5004F941D /* Release */,
			);
			defaultConfigurationIsVisible = 0;
			defaultConfigurationName = Release;
		};
		53D7BDFD27A618A5004F941D /* Build configuration list for PBXNativeTarget "swift" */ = {
			isa = XCConfigurationList;
			buildConfigurations = (
				53D7BDFE27A618A5004F941D /* Debug */,
				53D7BDFF27A618A5004F941D /* Release */,
			);
			defaultConfigurationIsVisible = 0;
			defaultConfigurationName = Release;
		};
		53D7BE0027A618A5004F941D /* Build configuration list for PBXNativeTarget "swiftTests" */ = {
			isa = XCConfigurationList;
			buildConfigurations = (
				53D7BE0127A618A5004F941D /* Debug */,
				53D7BE0227A618A5004F941D /* Release */,
			);
			defaultConfigurationIsVisible = 0;
			defaultConfigurationName = Release;
		};
		53D7BE0327A618A5004F941D /* Build configuration list for PBXNativeTarget "swiftUITests" */ = {
			isa = XCConfigurationList;
			buildConfigurations = (
				53D7BE0427A618A5004F941D /* Debug */,
				53D7BE0527A618A5004F941D /* Release */,
			);
			defaultConfigurationIsVisible = 0;
			defaultConfigurationName = Release;
		};
/* End XCConfigurationList section */
	};
	rootObject = 53D7BDCB27A618A3004F941D /* Project object */;
}
